{
  "nodes": {
    "flake-parts": {
      "inputs": {
        "nixpkgs-lib": "nixpkgs-lib"
      },
      "locked": {
        "lastModified": 1753121425,
        "narHash": "sha256-TVcTNvOeWWk1DXljFxVRp+E0tzG1LhrVjOGGoMHuXio=",
        "owner": "hercules-ci",
        "repo": "flake-parts",
        "rev": "644e0fc48951a860279da645ba77fe4a6e814c5e",
        "type": "github"
      },
      "original": {
        "owner": "hercules-ci",
        "repo": "flake-parts",
        "type": "github"
      }
    },
    "nixpkgs": {
      "locked": {
        "lastModified": 1753345091,
        "narHash": "sha256-CdX2Rtvp5I8HGu9swBmYuq+ILwRxpXdJwlpg8jvN4tU=",
        "owner": "NixOS",
        "repo": "nixpkgs",
        "rev": "3ff0e34b1383648053bba8ed03f201d3466f90c9",
        "type": "github"
      },
      "original": {
        "owner": "NixOS",
        "ref": "nixos-25.05",
        "repo": "nixpkgs",
        "type": "github"
      }
    },
    "nixpkgs-lib": {
      "locked": {
        "lastModified": 1751159883,
        "narHash": "sha256-urW/Ylk9FIfvXfliA1ywh75yszAbiTEVgpPeinFyVZo=",
        "owner": "nix-community",
        "repo": "nixpkgs.lib",
        "rev": "14a40a1d7fb9afa4739275ac642ed7301a9ba1ab",
        "type": "github"
      },
      "original": {
        "owner": "nix-community",
        "repo": "nixpkgs.lib",
        "type": "github"
      }
    },
    "nixpkgs-terraform157": {
      "locked": {
        "lastModified": 1694118906,
        "narHash": "sha256-XN5GagDT6y+5/+ztPzCn2h0HyWEsyJPZwJrMhmnRPmM=",
        "owner": "NixOS",
        "repo": "nixpkgs",
        "rev": "39ed4b64ba5929e8e9221d06b719a758915e619b",
        "type": "github"
      },
      "original": {
        "owner": "NixOS",
        "repo": "nixpkgs",
        "rev": "39ed4b64ba5929e8e9221d06b719a758915e619b",
        "type": "github"
      }
    },
    "nixpkgs-vault1148": {
      "locked": {
        "lastModified": 1701876149,
        "narHash": "sha256-urbRmKuTuwlvz2PnYVY06drHrzOSFx3siodoXWc7+MU=",
        "owner": "NixOS",
        "repo": "nixpkgs",
        "rev": "7cf8d6878561e8b2e4b1186f79f1c0e66963bdac",
        "type": "github"
      },
      "original": {
        "owner": "NixOS",
        "repo": "nixpkgs",
        "rev": "7cf8d6878561e8b2e4b1186f79f1c0e66963bdac",
        "type": "github"
      }
    },
    "root": {
      "inputs": {
        "flake-parts": "flake-parts",
        "nixpkgs": "nixpkgs",
        "nixpkgs-terraform157": "nixpkgs-terraform157",
        "nixpkgs-vault1148": "nixpkgs-vault1148"
      }
    }
  },
  "root": "root",
  "version": 7
}
